
Microsoft Visual Studio Solution File, Format Version 12.00
# Visual Studio 15
VisualStudioVersion = 15.0.28307.329
MinimumVisualStudioVersion = 10.0.40219.1
Project("{FAE04EC0-301F-11D3-BF4B-00C04F79EFBC}") = "Qu1", "Qu1\Qu1.csproj", "{8DE73CA1-4AFE-4C0F-BEAD-CFFF133C17A7}"
EndProject
Project("{FAE04EC0-301F-11D3-BF4B-00C04F79EFBC}") = "Language Translate", "Language Translate\Language Translate.csproj", "{63B96542-9464-47B2-8F8E-0DBFB36598E9}"
EndProject
Project("{FAE04EC0-301F-11D3-BF4B-00C04F79EFBC}") = "Flags", "Flags\Flags.csproj", "{FD8FC1BD-4395-451C-AA74-EA008BEB7254}"
EndProject
Project("{FAE04EC0-301F-11D3-BF4B-00C04F79EFBC}") = "Cards", "Cards\Cards.csproj", "{59AEF48C-EA8A-49C6-88EF-6FCE6495311D}"
EndProject
Global
	GlobalSection(SolutionConfigurationPlatforms) = preSolution
		Debug|Any CPU = Debug|Any CPU
		Release|Any CPU = Release|Any CPU
	EndGlobalSection
	GlobalSection(ProjectConfigurationPlatforms) = postSolution
		{8DE73CA1-4AFE-4C0F-BEAD-CFFF133C17A7}.Debug|Any CPU.ActiveCfg = Debug|Any CPU
		{8DE73CA1-4AFE-4C0F-BEAD-CFFF133C17A7}.Debug|Any CPU.Build.0 = Debug|Any CPU
		{8DE73CA1-4AFE-4C0F-BEAD-CFFF133C17A7}.Release|Any CPU.ActiveCfg = Release|Any CPU
		{8DE73CA1-4AFE-4C0F-BEAD-CFFF133C17A7}.Release|Any CPU.Build.0 = Release|Any CPU
		{63B96542-9464-47B2-8F8E-0DBFB36598E9}.Debug|Any CPU.ActiveCfg = Debug|Any CPU
		{63B96542-9464-47B2-8F8E-0DBFB36598E9}.Debug|Any CPU.Build.0 = Debug|Any CPU
		{63B96542-9464-47B2-8F8E-0DBFB36598E9}.Release|Any CPU.ActiveCfg = Release|Any CPU
		{63B96542-9464-47B2-8F8E-0DBFB36598E9}.Release|Any CPU.Build.0 = Release|Any CPU
		{FD8FC1BD-4395-451C-AA74-EA008BEB7254}.Debug|Any CPU.ActiveCfg = Debug|Any CPU
		{FD8FC1BD-4395-451C-AA74-EA008BEB7254}.Debug|Any CPU.Build.0 = Debug|Any CPU
		{FD8FC1BD-4395-451C-AA74-EA008BEB7254}.Release|Any CPU.ActiveCfg = Release|Any CPU
		{FD8FC1BD-4395-451C-AA74-EA008BEB7254}.Release|Any CPU.Build.0 = Release|Any CPU
		{59AEF48C-EA8A-49C6-88EF-6FCE6495311D}.Debug|Any CPU.ActiveCfg = Debug|Any CPU
		{59AEF48C-EA8A-49C6-88EF-6FCE6495311D}.Debug|Any CPU.Build.0 = Debug|Any CPU
		{59AEF48C-EA8A-49C6-88EF-6FCE6495311D}.Release|Any CPU.ActiveCfg = Release|Any CPU
		{59AEF48C-EA8A-49C6-88EF-6FCE6495311D}.Release|Any CPU.Build.0 = Release|Any CPU
	EndGlobalSection
	GlobalSection(SolutionProperties) = preSolution
		HideSolutionNode = FALSE
	EndGlobalSection
	GlobalSection(ExtensibilityGlobals) = postSolution
		SolutionGuid = {8B3E8BD3-27AB-4464-93B8-D0B3814EEBE7}
	EndGlobalSection
EndGlobal
