
Microsoft Visual Studio Solution File, Format Version 12.00
# Visual Studio 15
VisualStudioVersion = 15.0.28307.271
MinimumVisualStudioVersion = 10.0.40219.1
Project("{FAE04EC0-301F-11D3-BF4B-00C04F79EFBC}") = "Qu1Ex1", "Qu1Ex1\Qu1Ex1.csproj", "{6438AEB4-3539-4C5F-B726-6855A958DCF2}"
EndProject
Project("{FAE04EC0-301F-11D3-BF4B-00C04F79EFBC}") = "Qu1Ex2", "Qu1Ex2\Qu1Ex2.csproj", "{443B9824-8AED-4A78-B130-E6A9752D363F}"
EndProject
Global
	GlobalSection(SolutionConfigurationPlatforms) = preSolution
		Debug|Any CPU = Debug|Any CPU
		Release|Any CPU = Release|Any CPU
	EndGlobalSection
	GlobalSection(ProjectConfigurationPlatforms) = postSolution
		{6438AEB4-3539-4C5F-B726-6855A958DCF2}.Debug|Any CPU.ActiveCfg = Debug|Any CPU
		{6438AEB4-3539-4C5F-B726-6855A958DCF2}.Debug|Any CPU.Build.0 = Debug|Any CPU
		{6438AEB4-3539-4C5F-B726-6855A958DCF2}.Release|Any CPU.ActiveCfg = Release|Any CPU
		{6438AEB4-3539-4C5F-B726-6855A958DCF2}.Release|Any CPU.Build.0 = Release|Any CPU
		{443B9824-8AED-4A78-B130-E6A9752D363F}.Debug|Any CPU.ActiveCfg = Debug|Any CPU
		{443B9824-8AED-4A78-B130-E6A9752D363F}.Debug|Any CPU.Build.0 = Debug|Any CPU
		{443B9824-8AED-4A78-B130-E6A9752D363F}.Release|Any CPU.ActiveCfg = Release|Any CPU
		{443B9824-8AED-4A78-B130-E6A9752D363F}.Release|Any CPU.Build.0 = Release|Any CPU
	EndGlobalSection
	GlobalSection(SolutionProperties) = preSolution
		HideSolutionNode = FALSE
	EndGlobalSection
	GlobalSection(ExtensibilityGlobals) = postSolution
		SolutionGuid = {2ABD2C38-89ED-4580-99D4-80A4AAFE95AC}
	EndGlobalSection
EndGlobal
