
Microsoft Visual Studio Solution File, Format Version 12.00
# Visual Studio 15
VisualStudioVersion = 15.0.28307.421
MinimumVisualStudioVersion = 10.0.40219.1
Project("{FAE04EC0-301F-11D3-BF4B-00C04F79EFBC}") = "Qu1", "Qu1\Qu1.csproj", "{3EB65A61-C66A-4492-A1A6-92DB0859ACF5}"
EndProject
Project("{FAE04EC0-301F-11D3-BF4B-00C04F79EFBC}") = "Qu2", "Qu2\Qu2.csproj", "{608256DF-747D-436C-A3FB-A0FD0F8A8FE9}"
EndProject
Project("{FAE04EC0-301F-11D3-BF4B-00C04F79EFBC}") = "Qu3", "Qu3\Qu3.csproj", "{DDA3CAFA-48A4-48AA-A2F0-8BCF4D696034}"
EndProject
Global
	GlobalSection(SolutionConfigurationPlatforms) = preSolution
		Debug|Any CPU = Debug|Any CPU
		Release|Any CPU = Release|Any CPU
	EndGlobalSection
	GlobalSection(ProjectConfigurationPlatforms) = postSolution
		{3EB65A61-C66A-4492-A1A6-92DB0859ACF5}.Debug|Any CPU.ActiveCfg = Debug|Any CPU
		{3EB65A61-C66A-4492-A1A6-92DB0859ACF5}.Debug|Any CPU.Build.0 = Debug|Any CPU
		{3EB65A61-C66A-4492-A1A6-92DB0859ACF5}.Release|Any CPU.ActiveCfg = Release|Any CPU
		{3EB65A61-C66A-4492-A1A6-92DB0859ACF5}.Release|Any CPU.Build.0 = Release|Any CPU
		{608256DF-747D-436C-A3FB-A0FD0F8A8FE9}.Debug|Any CPU.ActiveCfg = Debug|Any CPU
		{608256DF-747D-436C-A3FB-A0FD0F8A8FE9}.Debug|Any CPU.Build.0 = Debug|Any CPU
		{608256DF-747D-436C-A3FB-A0FD0F8A8FE9}.Release|Any CPU.ActiveCfg = Release|Any CPU
		{608256DF-747D-436C-A3FB-A0FD0F8A8FE9}.Release|Any CPU.Build.0 = Release|Any CPU
		{DDA3CAFA-48A4-48AA-A2F0-8BCF4D696034}.Debug|Any CPU.ActiveCfg = Debug|Any CPU
		{DDA3CAFA-48A4-48AA-A2F0-8BCF4D696034}.Debug|Any CPU.Build.0 = Debug|Any CPU
		{DDA3CAFA-48A4-48AA-A2F0-8BCF4D696034}.Release|Any CPU.ActiveCfg = Release|Any CPU
		{DDA3CAFA-48A4-48AA-A2F0-8BCF4D696034}.Release|Any CPU.Build.0 = Release|Any CPU
	EndGlobalSection
	GlobalSection(SolutionProperties) = preSolution
		HideSolutionNode = FALSE
	EndGlobalSection
	GlobalSection(ExtensibilityGlobals) = postSolution
		SolutionGuid = {5E2873A4-B4F0-4CE9-9B8F-135CDD779DA2}
	EndGlobalSection
EndGlobal
